
Microsoft Visual Studio Solution File, Format Version 12.00
# Visual Studio Version 17
VisualStudioVersion = 17.9.34728.123
MinimumVisualStudioVersion = 10.0.40219.1
Project("{FAE04EC0-301F-11D3-BF4B-00C04F79EFBC}") = "EmployeeAdminPortal", "EmployeeAdminPortal\EmployeeAdminPortal.csproj", "{5F1AA925-445F-49D8-9FDE-53DCD7663E8E}"
EndProject
Global
	GlobalSection(SolutionConfigurationPlatforms) = preSolution
		Debug|Any CPU = Debug|Any CPU
		Release|Any CPU = Release|Any CPU
	EndGlobalSection
	GlobalSection(ProjectConfigurationPlatforms) = postSolution
		{5F1AA925-445F-49D8-9FDE-53DCD7663E8E}.Debug|Any CPU.ActiveCfg = Debug|Any CPU
		{5F1AA925-445F-49D8-9FDE-53DCD7663E8E}.Debug|Any CPU.Build.0 = Debug|Any CPU
		{5F1AA925-445F-49D8-9FDE-53DCD7663E8E}.Release|Any CPU.ActiveCfg = Release|Any CPU
		{5F1AA925-445F-49D8-9FDE-53DCD7663E8E}.Release|Any CPU.Build.0 = Release|Any CPU
	EndGlobalSection
	GlobalSection(SolutionProperties) = preSolution
		HideSolutionNode = FALSE
	EndGlobalSection
	GlobalSection(ExtensibilityGlobals) = postSolution
		SolutionGuid = {8DC1A473-6B5E-41D1-A964-57E9F4ADB90E}
	EndGlobalSection
EndGlobal
